
Microsoft Visual Studio Solution File, Format Version 12.00
# Visual Studio Version 17
VisualStudioVersion = 17.0.31903.59
MinimumVisualStudioVersion = 10.0.40219.1
Project("{2150E333-8FDC-42A3-9474-1A3956D46DE8}") = "src", "src", "{827E0CD3-B72D-47B6-A68D-7590B98EB39B}"
EndProject
Project("{2150E333-8FDC-42A3-9474-1A3956D46DE8}") = "Bootstraper", "Bootstraper", "{E2D63365-5096-A932-8C2D-7FB6ED3D6D8F}"
EndProject
Project("{2150E333-8FDC-42A3-9474-1A3956D46DE8}") = "Modules", "Modules", "{EC447DCF-ABFA-6E24-52A5-D7FD48A5C558}"
EndProject
Project("{FAE04EC0-301F-11D3-BF4B-00C04F79EFBC}") = "API", "src\Bootstraper\API\API.csproj", "{8FC53C36-6157-439B-B514-48D6099017C1}"
EndProject
Project("{FAE04EC0-301F-11D3-BF4B-00C04F79EFBC}") = "Shared", "src\Shared\Shared.csproj", "{115AE10D-40D7-43C6-8E25-7CFCC745377F}"
EndProject
Project("{FAE04EC0-301F-11D3-BF4B-00C04F79EFBC}") = "Basket", "src\Modules\Basket\Basket.csproj", "{B423DAF7-5C9F-4E93-B34E-18992B044F8A}"
EndProject
Project("{FAE04EC0-301F-11D3-BF4B-00C04F79EFBC}") = "Catalog", "src\Modules\Catalog\Catalog.csproj", "{2BA5ACA8-E22E-4992-B9F4-97CEA85E6E59}"
EndProject
Project("{FAE04EC0-301F-11D3-BF4B-00C04F79EFBC}") = "Ordering", "src\Modules\Ordering\Ordering.csproj", "{58F9FADB-192A-42C7-A3B5-194B13C2F313}"
EndProject
Project("{FAE04EC0-301F-11D3-BF4B-00C04F79EFBC}") = "Account", "src\Modules\Account\Account.csproj", "{C1168D92-7630-4AE2-A195-728711EFFCC4}"
EndProject
Global
	GlobalSection(SolutionConfigurationPlatforms) = preSolution
		Debug|Any CPU = Debug|Any CPU
		Debug|x64 = Debug|x64
		Debug|x86 = Debug|x86
		Release|Any CPU = Release|Any CPU
		Release|x64 = Release|x64
		Release|x86 = Release|x86
	EndGlobalSection
	GlobalSection(ProjectConfigurationPlatforms) = postSolution
		{8FC53C36-6157-439B-B514-48D6099017C1}.Debug|Any CPU.ActiveCfg = Debug|Any CPU
		{8FC53C36-6157-439B-B514-48D6099017C1}.Debug|Any CPU.Build.0 = Debug|Any CPU
		{8FC53C36-6157-439B-B514-48D6099017C1}.Debug|x64.ActiveCfg = Debug|Any CPU
		{8FC53C36-6157-439B-B514-48D6099017C1}.Debug|x64.Build.0 = Debug|Any CPU
		{8FC53C36-6157-439B-B514-48D6099017C1}.Debug|x86.ActiveCfg = Debug|Any CPU
		{8FC53C36-6157-439B-B514-48D6099017C1}.Debug|x86.Build.0 = Debug|Any CPU
		{8FC53C36-6157-439B-B514-48D6099017C1}.Release|Any CPU.ActiveCfg = Release|Any CPU
		{8FC53C36-6157-439B-B514-48D6099017C1}.Release|Any CPU.Build.0 = Release|Any CPU
		{8FC53C36-6157-439B-B514-48D6099017C1}.Release|x64.ActiveCfg = Release|Any CPU
		{8FC53C36-6157-439B-B514-48D6099017C1}.Release|x64.Build.0 = Release|Any CPU
		{8FC53C36-6157-439B-B514-48D6099017C1}.Release|x86.ActiveCfg = Release|Any CPU
		{8FC53C36-6157-439B-B514-48D6099017C1}.Release|x86.Build.0 = Release|Any CPU
		{115AE10D-40D7-43C6-8E25-7CFCC745377F}.Debug|Any CPU.ActiveCfg = Debug|Any CPU
		{115AE10D-40D7-43C6-8E25-7CFCC745377F}.Debug|Any CPU.Build.0 = Debug|Any CPU
		{115AE10D-40D7-43C6-8E25-7CFCC745377F}.Debug|x64.ActiveCfg = Debug|Any CPU
		{115AE10D-40D7-43C6-8E25-7CFCC745377F}.Debug|x64.Build.0 = Debug|Any CPU
		{115AE10D-40D7-43C6-8E25-7CFCC745377F}.Debug|x86.ActiveCfg = Debug|Any CPU
		{115AE10D-40D7-43C6-8E25-7CFCC745377F}.Debug|x86.Build.0 = Debug|Any CPU
		{115AE10D-40D7-43C6-8E25-7CFCC745377F}.Release|Any CPU.ActiveCfg = Release|Any CPU
		{115AE10D-40D7-43C6-8E25-7CFCC745377F}.Release|Any CPU.Build.0 = Release|Any CPU
		{115AE10D-40D7-43C6-8E25-7CFCC745377F}.Release|x64.ActiveCfg = Release|Any CPU
		{115AE10D-40D7-43C6-8E25-7CFCC745377F}.Release|x64.Build.0 = Release|Any CPU
		{115AE10D-40D7-43C6-8E25-7CFCC745377F}.Release|x86.ActiveCfg = Release|Any CPU
		{115AE10D-40D7-43C6-8E25-7CFCC745377F}.Release|x86.Build.0 = Release|Any CPU
		{B423DAF7-5C9F-4E93-B34E-18992B044F8A}.Debug|Any CPU.ActiveCfg = Debug|Any CPU
		{B423DAF7-5C9F-4E93-B34E-18992B044F8A}.Debug|Any CPU.Build.0 = Debug|Any CPU
		{B423DAF7-5C9F-4E93-B34E-18992B044F8A}.Debug|x64.ActiveCfg = Debug|Any CPU
		{B423DAF7-5C9F-4E93-B34E-18992B044F8A}.Debug|x64.Build.0 = Debug|Any CPU
		{B423DAF7-5C9F-4E93-B34E-18992B044F8A}.Debug|x86.ActiveCfg = Debug|Any CPU
		{B423DAF7-5C9F-4E93-B34E-18992B044F8A}.Debug|x86.Build.0 = Debug|Any CPU
		{B423DAF7-5C9F-4E93-B34E-18992B044F8A}.Release|Any CPU.ActiveCfg = Release|Any CPU
		{B423DAF7-5C9F-4E93-B34E-18992B044F8A}.Release|Any CPU.Build.0 = Release|Any CPU
		{B423DAF7-5C9F-4E93-B34E-18992B044F8A}.Release|x64.ActiveCfg = Release|Any CPU
		{B423DAF7-5C9F-4E93-B34E-18992B044F8A}.Release|x64.Build.0 = Release|Any CPU
		{B423DAF7-5C9F-4E93-B34E-18992B044F8A}.Release|x86.ActiveCfg = Release|Any CPU
		{B423DAF7-5C9F-4E93-B34E-18992B044F8A}.Release|x86.Build.0 = Release|Any CPU
		{2BA5ACA8-E22E-4992-B9F4-97CEA85E6E59}.Debug|Any CPU.ActiveCfg = Debug|Any CPU
		{2BA5ACA8-E22E-4992-B9F4-97CEA85E6E59}.Debug|Any CPU.Build.0 = Debug|Any CPU
		{2BA5ACA8-E22E-4992-B9F4-97CEA85E6E59}.Debug|x64.ActiveCfg = Debug|Any CPU
		{2BA5ACA8-E22E-4992-B9F4-97CEA85E6E59}.Debug|x64.Build.0 = Debug|Any CPU
		{2BA5ACA8-E22E-4992-B9F4-97CEA85E6E59}.Debug|x86.ActiveCfg = Debug|Any CPU
		{2BA5ACA8-E22E-4992-B9F4-97CEA85E6E59}.Debug|x86.Build.0 = Debug|Any CPU
		{2BA5ACA8-E22E-4992-B9F4-97CEA85E6E59}.Release|Any CPU.ActiveCfg = Release|Any CPU
		{2BA5ACA8-E22E-4992-B9F4-97CEA85E6E59}.Release|Any CPU.Build.0 = Release|Any CPU
		{2BA5ACA8-E22E-4992-B9F4-97CEA85E6E59}.Release|x64.ActiveCfg = Release|Any CPU
		{2BA5ACA8-E22E-4992-B9F4-97CEA85E6E59}.Release|x64.Build.0 = Release|Any CPU
		{2BA5ACA8-E22E-4992-B9F4-97CEA85E6E59}.Release|x86.ActiveCfg = Release|Any CPU
		{2BA5ACA8-E22E-4992-B9F4-97CEA85E6E59}.Release|x86.Build.0 = Release|Any CPU
		{58F9FADB-192A-42C7-A3B5-194B13C2F313}.Debug|Any CPU.ActiveCfg = Debug|Any CPU
		{58F9FADB-192A-42C7-A3B5-194B13C2F313}.Debug|Any CPU.Build.0 = Debug|Any CPU
		{58F9FADB-192A-42C7-A3B5-194B13C2F313}.Debug|x64.ActiveCfg = Debug|Any CPU
		{58F9FADB-192A-42C7-A3B5-194B13C2F313}.Debug|x64.Build.0 = Debug|Any CPU
		{58F9FADB-192A-42C7-A3B5-194B13C2F313}.Debug|x86.ActiveCfg = Debug|Any CPU
		{58F9FADB-192A-42C7-A3B5-194B13C2F313}.Debug|x86.Build.0 = Debug|Any CPU
		{58F9FADB-192A-42C7-A3B5-194B13C2F313}.Release|Any CPU.ActiveCfg = Release|Any CPU
		{58F9FADB-192A-42C7-A3B5-194B13C2F313}.Release|Any CPU.Build.0 = Release|Any CPU
		{58F9FADB-192A-42C7-A3B5-194B13C2F313}.Release|x64.ActiveCfg = Release|Any CPU
		{58F9FADB-192A-42C7-A3B5-194B13C2F313}.Release|x64.Build.0 = Release|Any CPU
		{58F9FADB-192A-42C7-A3B5-194B13C2F313}.Release|x86.ActiveCfg = Release|Any CPU
		{58F9FADB-192A-42C7-A3B5-194B13C2F313}.Release|x86.Build.0 = Release|Any CPU
		{C1168D92-7630-4AE2-A195-728711EFFCC4}.Debug|Any CPU.ActiveCfg = Debug|Any CPU
		{C1168D92-7630-4AE2-A195-728711EFFCC4}.Debug|Any CPU.Build.0 = Debug|Any CPU
		{C1168D92-7630-4AE2-A195-728711EFFCC4}.Debug|x64.ActiveCfg = Debug|Any CPU
		{C1168D92-7630-4AE2-A195-728711EFFCC4}.Debug|x64.Build.0 = Debug|Any CPU
		{C1168D92-7630-4AE2-A195-728711EFFCC4}.Debug|x86.ActiveCfg = Debug|Any CPU
		{C1168D92-7630-4AE2-A195-728711EFFCC4}.Debug|x86.Build.0 = Debug|Any CPU
		{C1168D92-7630-4AE2-A195-728711EFFCC4}.Release|Any CPU.ActiveCfg = Release|Any CPU
		{C1168D92-7630-4AE2-A195-728711EFFCC4}.Release|Any CPU.Build.0 = Release|Any CPU
		{C1168D92-7630-4AE2-A195-728711EFFCC4}.Release|x64.ActiveCfg = Release|Any CPU
		{C1168D92-7630-4AE2-A195-728711EFFCC4}.Release|x64.Build.0 = Release|Any CPU
		{C1168D92-7630-4AE2-A195-728711EFFCC4}.Release|x86.ActiveCfg = Release|Any CPU
		{C1168D92-7630-4AE2-A195-728711EFFCC4}.Release|x86.Build.0 = Release|Any CPU
	EndGlobalSection
	GlobalSection(SolutionProperties) = preSolution
		HideSolutionNode = FALSE
	EndGlobalSection
	GlobalSection(NestedProjects) = preSolution
		{E2D63365-5096-A932-8C2D-7FB6ED3D6D8F} = {827E0CD3-B72D-47B6-A68D-7590B98EB39B}
		{EC447DCF-ABFA-6E24-52A5-D7FD48A5C558} = {827E0CD3-B72D-47B6-A68D-7590B98EB39B}
		{8FC53C36-6157-439B-B514-48D6099017C1} = {E2D63365-5096-A932-8C2D-7FB6ED3D6D8F}
		{115AE10D-40D7-43C6-8E25-7CFCC745377F} = {827E0CD3-B72D-47B6-A68D-7590B98EB39B}
		{B423DAF7-5C9F-4E93-B34E-18992B044F8A} = {EC447DCF-ABFA-6E24-52A5-D7FD48A5C558}
		{2BA5ACA8-E22E-4992-B9F4-97CEA85E6E59} = {EC447DCF-ABFA-6E24-52A5-D7FD48A5C558}
		{58F9FADB-192A-42C7-A3B5-194B13C2F313} = {EC447DCF-ABFA-6E24-52A5-D7FD48A5C558}
		{C1168D92-7630-4AE2-A195-728711EFFCC4} = {EC447DCF-ABFA-6E24-52A5-D7FD48A5C558}
	EndGlobalSection
EndGlobal
